
Microsoft Visual Studio Solution File, Format Version 12.00
# Visual Studio Version 16
VisualStudioVersion = 16.0.32630.194
MinimumVisualStudioVersion = 10.0.40219.1
Project("{9A19103F-16F7-4668-BE54-9A1E7A4F7556}") = "CommonAPI", "CommonAPI.csproj", "{1B74C7A0-4BCA-4796-B7C3-43E443FF5D91}"
EndProject
Global
	GlobalSection(SolutionConfigurationPlatforms) = preSolution
		Debug|Any CPU = Debug|Any CPU
		Release|Any CPU = Release|Any CPU
	EndGlobalSection
	GlobalSection(ProjectConfigurationPlatforms) = postSolution
		{1B74C7A0-4BCA-4796-B7C3-43E443FF5D91}.Debug|Any CPU.ActiveCfg = Debug|Any CPU
		{1B74C7A0-4BCA-4796-B7C3-43E443FF5D91}.Debug|Any CPU.Build.0 = Debug|Any CPU
		{1B74C7A0-4BCA-4796-B7C3-43E443FF5D91}.Release|Any CPU.ActiveCfg = Release|Any CPU
		{1B74C7A0-4BCA-4796-B7C3-43E443FF5D91}.Release|Any CPU.Build.0 = Release|Any CPU
	EndGlobalSection
	GlobalSection(SolutionProperties) = preSolution
		HideSolutionNode = FALSE
	EndGlobalSection
	GlobalSection(ExtensibilityGlobals) = postSolution
		SolutionGuid = {BB0DE9DF-8897-4B0D-961F-23E29252A001}
	EndGlobalSection
EndGlobal
